// !$*UTF8*$!
{
	archiveVersion = 1;
	classes = {
	};
	objectVersion = 50;
	objects = {

/* Begin PBXBuildFile section */
		4039F92627034224005DEE96 /* SwiftUI_ChatAppApp.swift in Sources */ = {isa = PBXBuildFile; fileRef = 4039F91327034221005DEE96 /* SwiftUI_ChatAppApp.swift */; };
		4039F92727034224005DEE96 /* SwiftUI_ChatAppApp.swift in Sources */ = {isa = PBXBuildFile; fileRef = 4039F91327034221005DEE96 /* SwiftUI_ChatAppApp.swift */; };
		4039F92827034224005DEE96 /* ContentView.swift in Sources */ = {isa = PBXBuildFile; fileRef = 4039F91427034221005DEE96 /* ContentView.swift */; };
		4039F92927034224005DEE96 /* ContentView.swift in Sources */ = {isa = PBXBuildFile; fileRef = 4039F91427034221005DEE96 /* ContentView.swift */; };
		4039F93927034258005DEE96 /* Assets.xcassets in Resources */ = {isa = PBXBuildFile; fileRef = 4039F93827034258005DEE96 /* Assets.xcassets */; };
		4039F93A27034258005DEE96 /* Assets.xcassets in Resources */ = {isa = PBXBuildFile; fileRef = 4039F93827034258005DEE96 /* Assets.xcassets */; };
		4039F9412703529F005DEE96 /* Home.swift in Sources */ = {isa = PBXBuildFile; fileRef = 4039F9402703529F005DEE96 /* Home.swift */; };
		4039F945270352C7005DEE96 /* TabButton.swift in Sources */ = {isa = PBXBuildFile; fileRef = 4039F944270352C7005DEE96 /* TabButton.swift */; };
		4039F946270352C7005DEE96 /* TabButton.swift in Sources */ = {isa = PBXBuildFile; fileRef = 4039F944270352C7005DEE96 /* TabButton.swift */; };
		4039F949270352CA005DEE96 /* Home.swift in Sources */ = {isa = PBXBuildFile; fileRef = 4039F9402703529F005DEE96 /* Home.swift */; };
		4039F94D27035492005DEE96 /* HomeViewModel.swift in Sources */ = {isa = PBXBuildFile; fileRef = 4039F94C27035492005DEE96 /* HomeViewModel.swift */; };
		4039F94E27035492005DEE96 /* HomeViewModel.swift in Sources */ = {isa = PBXBuildFile; fileRef = 4039F94C27035492005DEE96 /* HomeViewModel.swift */; };
		4039F95227035817005DEE96 /* BlurView.swift in Sources */ = {isa = PBXBuildFile; fileRef = 4039F95127035817005DEE96 /* BlurView.swift */; };
		4039F95327035817005DEE96 /* BlurView.swift in Sources */ = {isa = PBXBuildFile; fileRef = 4039F95127035817005DEE96 /* BlurView.swift */; };
/* End PBXBuildFile section */

/* Begin PBXFileReference section */
		4039F91327034221005DEE96 /* SwiftUI_ChatAppApp.swift */ = {isa = PBXFileReference; lastKnownFileType = sourcecode.swift; path = SwiftUI_ChatAppApp.swift; sourceTree = "<group>"; };
		4039F91427034221005DEE96 /* ContentView.swift */ = {isa = PBXFileReference; lastKnownFileType = sourcecode.swift; path = ContentView.swift; sourceTree = "<group>"; };
		4039F91A27034224005DEE96 /* SwiftUI_ChatApp.app */ = {isa = PBXFileReference; explicitFileType = wrapper.application; includeInIndex = 0; path = SwiftUI_ChatApp.app; sourceTree = BUILT_PRODUCTS_DIR; };
		4039F91D27034224005DEE96 /* Info.plist */ = {isa = PBXFileReference; lastKnownFileType = text.plist.xml; path = Info.plist; sourceTree = "<group>"; };
		4039F92227034224005DEE96 /* SwiftUI_ChatApp.app */ = {isa = PBXFileReference; explicitFileType = wrapper.application; includeInIndex = 0; path = SwiftUI_ChatApp.app; sourceTree = BUILT_PRODUCTS_DIR; };
		4039F92427034224005DEE96 /* Info.plist */ = {isa = PBXFileReference; lastKnownFileType = text.plist.xml; path = Info.plist; sourceTree = "<group>"; };
		4039F92527034224005DEE96 /* macOS.entitlements */ = {isa = PBXFileReference; lastKnownFileType = text.plist.entitlements; path = macOS.entitlements; sourceTree = "<group>"; };
		4039F93827034258005DEE96 /* Assets.xcassets */ = {isa = PBXFileReference; lastKnownFileType = folder.assetcatalog; path = Assets.xcassets; sourceTree = "<group>"; };
		4039F9402703529F005DEE96 /* Home.swift */ = {isa = PBXFileReference; lastKnownFileType = sourcecode.swift; path = Home.swift; sourceTree = "<group>"; };
		4039F944270352C7005DEE96 /* TabButton.swift */ = {isa = PBXFileReference; lastKnownFileType = sourcecode.swift; path = TabButton.swift; sourceTree = "<group>"; };
		4039F94C27035492005DEE96 /* HomeViewModel.swift */ = {isa = PBXFileReference; lastKnownFileType = sourcecode.swift; path = HomeViewModel.swift; sourceTree = "<group>"; };
		4039F95127035817005DEE96 /* BlurView.swift */ = {isa = PBXFileReference; lastKnownFileType = sourcecode.swift; path = BlurView.swift; sourceTree = "<group>"; };
/* End PBXFileReference section */

/* Begin PBXFrameworksBuildPhase section */
		4039F91727034224005DEE96 /* Frameworks */ = {
			isa = PBXFrameworksBuildPhase;
			buildActionMask = 2147483647;
			files = (
			);
			runOnlyForDeploymentPostprocessing = 0;
		};
		4039F91F27034224005DEE96 /* Frameworks */ = {
			isa = PBXFrameworksBuildPhase;
			buildActionMask = 2147483647;
			files = (
			);
			runOnlyForDeploymentPostprocessing = 0;
		};
/* End PBXFrameworksBuildPhase section */

/* Begin PBXGroup section */
		4039F90D27034221005DEE96 = {
			isa = PBXGroup;
			children = (
				4039F91227034221005DEE96 /* Shared */,
				4039F91C27034224005DEE96 /* iOS */,
				4039F92327034224005DEE96 /* macOS */,
				4039F91B27034224005DEE96 /* Products */,
			);
			sourceTree = "<group>";
		};
		4039F91227034221005DEE96 /* Shared */ = {
			isa = PBXGroup;
			children = (
				4039F93F27035289005DEE96 /* ViewModel */,
				4039F93E27035283005DEE96 /* Model */,
				4039F93D2703527E005DEE96 /* View */,
				4039F91327034221005DEE96 /* SwiftUI_ChatAppApp.swift */,
				4039F91427034221005DEE96 /* ContentView.swift */,
				4039F93827034258005DEE96 /* Assets.xcassets */,
			);
			path = Shared;
			sourceTree = "<group>";
		};
		4039F91B27034224005DEE96 /* Products */ = {
			isa = PBXGroup;
			children = (
				4039F91A27034224005DEE96 /* SwiftUI_ChatApp.app */,
				4039F92227034224005DEE96 /* SwiftUI_ChatApp.app */,
			);
			name = Products;
			sourceTree = "<group>";
		};
		4039F91C27034224005DEE96 /* iOS */ = {
			isa = PBXGroup;
			children = (
				4039F91D27034224005DEE96 /* Info.plist */,
			);
			path = iOS;
			sourceTree = "<group>";
		};
		4039F92327034224005DEE96 /* macOS */ = {
			isa = PBXGroup;
			children = (
				4039F92427034224005DEE96 /* Info.plist */,
				4039F92527034224005DEE96 /* macOS.entitlements */,
			);
			path = macOS;
			sourceTree = "<group>";
		};
		4039F93D2703527E005DEE96 /* View */ = {
			isa = PBXGroup;
			children = (
				4039F9402703529F005DEE96 /* Home.swift */,
				4039F944270352C7005DEE96 /* TabButton.swift */,
				4039F95127035817005DEE96 /* BlurView.swift */,
			);
			path = View;
			sourceTree = "<group>";
		};
		4039F93E27035283005DEE96 /* Model */ = {
			isa = PBXGroup;
			children = (
			);
			path = Model;
			sourceTree = "<group>";
		};
		4039F93F27035289005DEE96 /* ViewModel */ = {
			isa = PBXGroup;
			children = (
				4039F94C27035492005DEE96 /* HomeViewModel.swift */,
			);
			path = ViewModel;
			sourceTree = "<group>";
		};
/* End PBXGroup section */

/* Begin PBXNativeTarget section */
		4039F91927034224005DEE96 /* SwiftUI_ChatApp (iOS) */ = {
			isa = PBXNativeTarget;
			buildConfigurationList = 4039F92E27034224005DEE96 /* Build configuration list for PBXNativeTarget "SwiftUI_ChatApp (iOS)" */;
			buildPhases = (
				4039F91627034224005DEE96 /* Sources */,
				4039F91727034224005DEE96 /* Frameworks */,
				4039F91827034224005DEE96 /* Resources */,
			);
			buildRules = (
			);
			dependencies = (
			);
			name = "SwiftUI_ChatApp (iOS)";
			productName = "SwiftUI_ChatApp (iOS)";
			productReference = 4039F91A27034224005DEE96 /* SwiftUI_ChatApp.app */;
			productType = "com.apple.product-type.application";
		};
		4039F92127034224005DEE96 /* SwiftUI_ChatApp (macOS) */ = {
			isa = PBXNativeTarget;
			buildConfigurationList = 4039F93127034224005DEE96 /* Build configuration list for PBXNativeTarget "SwiftUI_ChatApp (macOS)" */;
			buildPhases = (
				4039F91E27034224005DEE96 /* Sources */,
				4039F91F27034224005DEE96 /* Frameworks */,
				4039F92027034224005DEE96 /* Resources */,
			);
			buildRules = (
			);
			dependencies = (
			);
			name = "SwiftUI_ChatApp (macOS)";
			productName = "SwiftUI_ChatApp (macOS)";
			productReference = 4039F92227034224005DEE96 /* SwiftUI_ChatApp.app */;
			productType = "com.apple.product-type.application";
		};
/* End PBXNativeTarget section */

/* Begin PBXProject section */
		4039F90E27034221005DEE96 /* Project object */ = {
			isa = PBXProject;
			attributes = {
				LastSwiftUpdateCheck = 1230;
				LastUpgradeCheck = 1230;
				TargetAttributes = {
					4039F91927034224005DEE96 = {
						CreatedOnToolsVersion = 12.3;
					};
					4039F92127034224005DEE96 = {
						CreatedOnToolsVersion = 12.3;
					};
				};
			};
			buildConfigurationList = 4039F91127034221005DEE96 /* Build configuration list for PBXProject "SwiftUI_ChatApp" */;
			compatibilityVersion = "Xcode 9.3";
			developmentRegion = en;
			hasScannedForEncodings = 0;
			knownRegions = (
				en,
				Base,
			);
			mainGroup = 4039F90D27034221005DEE96;
			productRefGroup = 4039F91B27034224005DEE96 /* Products */;
			projectDirPath = "";
			projectRoot = "";
			targets = (
				4039F91927034224005DEE96 /* SwiftUI_ChatApp (iOS) */,
				4039F92127034224005DEE96 /* SwiftUI_ChatApp (macOS) */,
			);
		};
/* End PBXProject section */

/* Begin PBXResourcesBuildPhase section */
		4039F91827034224005DEE96 /* Resources */ = {
			isa = PBXResourcesBuildPhase;
			buildActionMask = 2147483647;
			files = (
				4039F93927034258005DEE96 /* Assets.xcassets in Resources */,
			);
			runOnlyForDeploymentPostprocessing = 0;
		};
		4039F92027034224005DEE96 /* Resources */ = {
			isa = PBXResourcesBuildPhase;
			buildActionMask = 2147483647;
			files = (
				4039F93A27034258005DEE96 /* Assets.xcassets in Resources */,
			);
			runOnlyForDeploymentPostprocessing = 0;
		};
/* End PBXResourcesBuildPhase section */

/* Begin PBXSourcesBuildPhase section */
		4039F91627034224005DEE96 /* Sources */ = {
			isa = PBXSourcesBuildPhase;
			buildActionMask = 2147483647;
			files = (
				4039F92827034224005DEE96 /* ContentView.swift in Sources */,
				4039F945270352C7005DEE96 /* TabButton.swift in Sources */,
				4039F9412703529F005DEE96 /* Home.swift in Sources */,
				4039F94D27035492005DEE96 /* HomeViewModel.swift in Sources */,
				4039F92627034224005DEE96 /* SwiftUI_ChatAppApp.swift in Sources */,
				4039F95227035817005DEE96 /* BlurView.swift in Sources */,
			);
			runOnlyForDeploymentPostprocessing = 0;
		};
		4039F91E27034224005DEE96 /* Sources */ = {
			isa = PBXSourcesBuildPhase;
			buildActionMask = 2147483647;
			files = (
				4039F946270352C7005DEE96 /* TabButton.swift in Sources */,
				4039F92927034224005DEE96 /* ContentView.swift in Sources */,
				4039F949270352CA005DEE96 /* Home.swift in Sources */,
				4039F94E27035492005DEE96 /* HomeViewModel.swift in Sources */,
				4039F92727034224005DEE96 /* SwiftUI_ChatAppApp.swift in Sources */,
				4039F95327035817005DEE96 /* BlurView.swift in Sources */,
			);
			runOnlyForDeploymentPostprocessing = 0;
		};
/* End PBXSourcesBuildPhase section */

/* Begin XCBuildConfiguration section */
		4039F92C27034224005DEE96 /* Debug */ = {
			isa = XCBuildConfiguration;
			buildSettings = {
				ALWAYS_SEARCH_USER_PATHS = NO;
				CLANG_ANALYZER_NONNULL = YES;
				CLANG_ANALYZER_NUMBER_OBJECT_CONVERSION = YES_AGGRESSIVE;
				CLANG_CXX_LANGUAGE_STANDARD = "gnu++14";
				CLANG_CXX_LIBRARY = "libc++";
				CLANG_ENABLE_MODULES = YES;
				CLANG_ENABLE_OBJC_ARC = YES;
				CLANG_ENABLE_OBJC_WEAK = YES;
				CLANG_WARN_BLOCK_CAPTURE_AUTORELEASING = YES;
				CLANG_WARN_BOOL_CONVERSION = YES;
				CLANG_WARN_COMMA = YES;
				CLANG_WARN_CONSTANT_CONVERSION = YES;
				CLANG_WARN_DEPRECATED_OBJC_IMPLEMENTATIONS = YES;
				CLANG_WARN_DIRECT_OBJC_ISA_USAGE = YES_ERROR;
				CLANG_WARN_DOCUMENTATION_COMMENTS = YES;
				CLANG_WARN_EMPTY_BODY = YES;
				CLANG_WARN_ENUM_CONVERSION = YES;
				CLANG_WARN_INFINITE_RECURSION = YES;
				CLANG_WARN_INT_CONVERSION = YES;
				CLANG_WARN_NON_LITERAL_NULL_CONVERSION = YES;
				CLANG_WARN_OBJC_IMPLICIT_RETAIN_SELF = YES;
				CLANG_WARN_OBJC_LITERAL_CONVERSION = YES;
				CLANG_WARN_OBJC_ROOT_CLASS = YES_ERROR;
				CLANG_WARN_QUOTED_INCLUDE_IN_FRAMEWORK_HEADER = YES;
				CLANG_WARN_RANGE_LOOP_ANALYSIS = YES;
				CLANG_WARN_STRICT_PROTOTYPES = YES;
				CLANG_WARN_SUSPICIOUS_MOVE = YES;
				CLANG_WARN_UNGUARDED_AVAILABILITY = YES_AGGRESSIVE;
				CLANG_WARN_UNREACHABLE_CODE = YES;
				CLANG_WARN__DUPLICATE_METHOD_MATCH = YES;
				COPY_PHASE_STRIP = NO;
				DEBUG_INFORMATION_FORMAT = dwarf;
				ENABLE_STRICT_OBJC_MSGSEND = YES;
				ENABLE_TESTABILITY = YES;
				GCC_C_LANGUAGE_STANDARD = gnu11;
				GCC_DYNAMIC_NO_PIC = NO;
				GCC_NO_COMMON_BLOCKS = YES;
				GCC_OPTIMIZATION_LEVEL = 0;
				GCC_PREPROCESSOR_DEFINITIONS = (
					"DEBUG=1",
					"$(inherited)",
				);
				GCC_WARN_64_TO_32_BIT_CONVERSION = YES;
				GCC_WARN_ABOUT_RETURN_TYPE = YES_ERROR;
				GCC_WARN_UNDECLARED_SELECTOR = YES;
				GCC_WARN_UNINITIALIZED_AUTOS = YES_AGGRESSIVE;
				GCC_WARN_UNUSED_FUNCTION = YES;
				GCC_WARN_UNUSED_VARIABLE = YES;
				MTL_ENABLE_DEBUG_INFO = INCLUDE_SOURCE;
				MTL_FAST_MATH = YES;
				ONLY_ACTIVE_ARCH = YES;
				SWIFT_ACTIVE_COMPILATION_CONDITIONS = DEBUG;
				SWIFT_OPTIMIZATION_LEVEL = "-Onone";
			};
			name = Debug;
		};
		4039F92D27034224005DEE96 /* Release */ = {
			isa = XCBuildConfiguration;
			buildSettings = {
				ALWAYS_SEARCH_USER_PATHS = NO;
				CLANG_ANALYZER_NONNULL = YES;
				CLANG_ANALYZER_NUMBER_OBJECT_CONVERSION = YES_AGGRESSIVE;
				CLANG_CXX_LANGUAGE_STANDARD = "gnu++14";
				CLANG_CXX_LIBRARY = "libc++";
				CLANG_ENABLE_MODULES = YES;
				CLANG_ENABLE_OBJC_ARC = YES;
				CLANG_ENABLE_OBJC_WEAK = YES;
				CLANG_WARN_BLOCK_CAPTURE_AUTORELEASING = YES;
				CLANG_WARN_BOOL_CONVERSION = YES;
				CLANG_WARN_COMMA = YES;
				CLANG_WARN_CONSTANT_CONVERSION = YES;
				CLANG_WARN_DEPRECATED_OBJC_IMPLEMENTATIONS = YES;
				CLANG_WARN_DIRECT_OBJC_ISA_USAGE = YES_ERROR;
				CLANG_WARN_DOCUMENTATION_COMMENTS = YES;
				CLANG_WARN_EMPTY_BODY = YES;
				CLANG_WARN_ENUM_CONVERSION = YES;
				CLANG_WARN_INFINITE_RECURSION = YES;
				CLANG_WARN_INT_CONVERSION = YES;
				CLANG_WARN_NON_LITERAL_NULL_CONVERSION = YES;
				CLANG_WARN_OBJC_IMPLICIT_RETAIN_SELF = YES;
				CLANG_WARN_OBJC_LITERAL_CONVERSION = YES;
				CLANG_WARN_OBJC_ROOT_CLASS = YES_ERROR;
				CLANG_WARN_QUOTED_INCLUDE_IN_FRAMEWORK_HEADER = YES;
				CLANG_WARN_RANGE_LOOP_ANALYSIS = YES;
				CLANG_WARN_STRICT_PROTOTYPES = YES;
				CLANG_WARN_SUSPICIOUS_MOVE = YES;
				CLANG_WARN_UNGUARDED_AVAILABILITY = YES_AGGRESSIVE;
				CLANG_WARN_UNREACHABLE_CODE = YES;
				CLANG_WARN__DUPLICATE_METHOD_MATCH = YES;
				COPY_PHASE_STRIP = NO;
				DEBUG_INFORMATION_FORMAT = "dwarf-with-dsym";
				ENABLE_NS_ASSERTIONS = NO;
				ENABLE_STRICT_OBJC_MSGSEND = YES;
				GCC_C_LANGUAGE_STANDARD = gnu11;
				GCC_NO_COMMON_BLOCKS = YES;
				GCC_WARN_64_TO_32_BIT_CONVERSION = YES;
				GCC_WARN_ABOUT_RETURN_TYPE = YES_ERROR;
				GCC_WARN_UNDECLARED_SELECTOR = YES;
				GCC_WARN_UNINITIALIZED_AUTOS = YES_AGGRESSIVE;
				GCC_WARN_UNUSED_FUNCTION = YES;
				GCC_WARN_UNUSED_VARIABLE = YES;
				MTL_ENABLE_DEBUG_INFO = NO;
				MTL_FAST_MATH = YES;
				SWIFT_COMPILATION_MODE = wholemodule;
				SWIFT_OPTIMIZATION_LEVEL = "-O";
			};
			name = Release;
		};
		4039F92F27034224005DEE96 /* Debug */ = {
			isa = XCBuildConfiguration;
			buildSettings = {
				ASSETCATALOG_COMPILER_APPICON_NAME = AppIcon;
				ASSETCATALOG_COMPILER_GLOBAL_ACCENT_COLOR_NAME = AccentColor;
				CODE_SIGN_STYLE = Automatic;
				DEVELOPMENT_TEAM = 82KTHK2F8A;
				ENABLE_PREVIEWS = YES;
				INFOPLIST_FILE = iOS/Info.plist;
				IPHONEOS_DEPLOYMENT_TARGET = 14.0;
				LD_RUNPATH_SEARCH_PATHS = (
					"$(inherited)",
					"@executable_path/Frameworks",
				);
				PRODUCT_BUNDLE_IDENTIFIER = "com.boardguy1024.SwiftUI-ChatApp";
				PRODUCT_NAME = SwiftUI_ChatApp;
				SDKROOT = iphoneos;
				SWIFT_VERSION = 5.0;
				TARGETED_DEVICE_FAMILY = "1,2";
			};
			name = Debug;
		};
		4039F93027034224005DEE96 /* Release */ = {
			isa = XCBuildConfiguration;
			buildSettings = {
				ASSETCATALOG_COMPILER_APPICON_NAME = AppIcon;
				ASSETCATALOG_COMPILER_GLOBAL_ACCENT_COLOR_NAME = AccentColor;
				CODE_SIGN_STYLE = Automatic;
				DEVELOPMENT_TEAM = 82KTHK2F8A;
				ENABLE_PREVIEWS = YES;
				INFOPLIST_FILE = iOS/Info.plist;
				IPHONEOS_DEPLOYMENT_TARGET = 14.0;
				LD_RUNPATH_SEARCH_PATHS = (
					"$(inherited)",
					"@executable_path/Frameworks",
				);
				PRODUCT_BUNDLE_IDENTIFIER = "com.boardguy1024.SwiftUI-ChatApp";
				PRODUCT_NAME = SwiftUI_ChatApp;
				SDKROOT = iphoneos;
				SWIFT_VERSION = 5.0;
				TARGETED_DEVICE_FAMILY = "1,2";
				VALIDATE_PRODUCT = YES;
			};
			name = Release;
		};
		4039F93227034224005DEE96 /* Debug */ = {
			isa = XCBuildConfiguration;
			buildSettings = {
				ASSETCATALOG_COMPILER_APPICON_NAME = AppIcon;
				ASSETCATALOG_COMPILER_GLOBAL_ACCENT_COLOR_NAME = AccentColor;
				CODE_SIGN_ENTITLEMENTS = macOS/macOS.entitlements;
				CODE_SIGN_STYLE = Automatic;
				COMBINE_HIDPI_IMAGES = YES;
				DEVELOPMENT_TEAM = 82KTHK2F8A;
				ENABLE_HARDENED_RUNTIME = YES;
				ENABLE_PREVIEWS = YES;
				INFOPLIST_FILE = macOS/Info.plist;
				LD_RUNPATH_SEARCH_PATHS = (
					"$(inherited)",
					"@executable_path/../Frameworks",
				);
				MACOSX_DEPLOYMENT_TARGET = 11.0;
				PRODUCT_BUNDLE_IDENTIFIER = "com.boardguy1024.SwiftUI-ChatApp";
				PRODUCT_NAME = SwiftUI_ChatApp;
				SDKROOT = macosx;
				SWIFT_VERSION = 5.0;
			};
			name = Debug;
		};
		4039F93327034224005DEE96 /* Release */ = {
			isa = XCBuildConfiguration;
			buildSettings = {
				ASSETCATALOG_COMPILER_APPICON_NAME = AppIcon;
				ASSETCATALOG_COMPILER_GLOBAL_ACCENT_COLOR_NAME = AccentColor;
				CODE_SIGN_ENTITLEMENTS = macOS/macOS.entitlements;
				CODE_SIGN_STYLE = Automatic;
				COMBINE_HIDPI_IMAGES = YES;
				DEVELOPMENT_TEAM = 82KTHK2F8A;
				ENABLE_HARDENED_RUNTIME = YES;
				ENABLE_PREVIEWS = YES;
				INFOPLIST_FILE = macOS/Info.plist;
				LD_RUNPATH_SEARCH_PATHS = (
					"$(inherited)",
					"@executable_path/../Frameworks",
				);
				MACOSX_DEPLOYMENT_TARGET = 11.0;
				PRODUCT_BUNDLE_IDENTIFIER = "com.boardguy1024.SwiftUI-ChatApp";
				PRODUCT_NAME = SwiftUI_ChatApp;
				SDKROOT = macosx;
				SWIFT_VERSION = 5.0;
			};
			name = Release;
		};
/* End XCBuildConfiguration section */

/* Begin XCConfigurationList section */
		4039F91127034221005DEE96 /* Build configuration list for PBXProject "SwiftUI_ChatApp" */ = {
			isa = XCConfigurationList;
			buildConfigurations = (
				4039F92C27034224005DEE96 /* Debug */,
				4039F92D27034224005DEE96 /* Release */,
			);
			defaultConfigurationIsVisible = 0;
			defaultConfigurationName = Release;
		};
		4039F92E27034224005DEE96 /* Build configuration list for PBXNativeTarget "SwiftUI_ChatApp (iOS)" */ = {
			isa = XCConfigurationList;
			buildConfigurations = (
				4039F92F27034224005DEE96 /* Debug */,
				4039F93027034224005DEE96 /* Release */,
			);
			defaultConfigurationIsVisible = 0;
			defaultConfigurationName = Release;
		};
		4039F93127034224005DEE96 /* Build configuration list for PBXNativeTarget "SwiftUI_ChatApp (macOS)" */ = {
			isa = XCConfigurationList;
			buildConfigurations = (
				4039F93227034224005DEE96 /* Debug */,
				4039F93327034224005DEE96 /* Release */,
			);
			defaultConfigurationIsVisible = 0;
			defaultConfigurationName = Release;
		};
/* End XCConfigurationList section */
	};
	rootObject = 4039F90E27034221005DEE96 /* Project object */;
}
